
Microsoft Visual Studio Solution File, Format Version 12.00
# Visual Studio Version 16
VisualStudioVersion = 16.0.30611.23
MinimumVisualStudioVersion = 10.0.40219.1
Project("{FAE04EC0-301F-11D3-BF4B-00C04F79EFBC}") = "sunu8", "sunu8.csproj", "{33401E46-EA5B-4DD7-8A9F-7D0B7917E9AD}"
EndProject
Global
	GlobalSection(SolutionConfigurationPlatforms) = preSolution
		Debug|Any CPU = Debug|Any CPU
		Release|Any CPU = Release|Any CPU
	EndGlobalSection
	GlobalSection(ProjectConfigurationPlatforms) = postSolution
		{33401E46-EA5B-4DD7-8A9F-7D0B7917E9AD}.Debug|Any CPU.ActiveCfg = Debug|Any CPU
		{33401E46-EA5B-4DD7-8A9F-7D0B7917E9AD}.Debug|Any CPU.Build.0 = Debug|Any CPU
		{33401E46-EA5B-4DD7-8A9F-7D0B7917E9AD}.Release|Any CPU.ActiveCfg = Release|Any CPU
		{33401E46-EA5B-4DD7-8A9F-7D0B7917E9AD}.Release|Any CPU.Build.0 = Release|Any CPU
	EndGlobalSection
	GlobalSection(SolutionProperties) = preSolution
		HideSolutionNode = FALSE
	EndGlobalSection
	GlobalSection(ExtensibilityGlobals) = postSolution
		SolutionGuid = {307DE716-988D-43CE-A440-CFC33785B5D1}
	EndGlobalSection
EndGlobal
