
Microsoft Visual Studio Solution File, Format Version 12.00
# Visual Studio Version 16
VisualStudioVersion = 16.0.30907.101
MinimumVisualStudioVersion = 10.0.40219.1
Project("{FAE04EC0-301F-11D3-BF4B-00C04F79EFBC}") = "Sunu18", "Sunu18\Sunu18.csproj", "{1D636217-B037-4128-AB6D-E70B38C9ACEA}"
EndProject
Global
	GlobalSection(SolutionConfigurationPlatforms) = preSolution
		Debug|Any CPU = Debug|Any CPU
		Release|Any CPU = Release|Any CPU
	EndGlobalSection
	GlobalSection(ProjectConfigurationPlatforms) = postSolution
		{1D636217-B037-4128-AB6D-E70B38C9ACEA}.Debug|Any CPU.ActiveCfg = Debug|Any CPU
		{1D636217-B037-4128-AB6D-E70B38C9ACEA}.Debug|Any CPU.Build.0 = Debug|Any CPU
		{1D636217-B037-4128-AB6D-E70B38C9ACEA}.Release|Any CPU.ActiveCfg = Release|Any CPU
		{1D636217-B037-4128-AB6D-E70B38C9ACEA}.Release|Any CPU.Build.0 = Release|Any CPU
	EndGlobalSection
	GlobalSection(SolutionProperties) = preSolution
		HideSolutionNode = FALSE
	EndGlobalSection
	GlobalSection(ExtensibilityGlobals) = postSolution
		SolutionGuid = {87E2A7C1-1D4E-4F65-8B8E-5BCA08758487}
	EndGlobalSection
EndGlobal
