
Microsoft Visual Studio Solution File, Format Version 12.00
# Visual Studio Version 16
VisualStudioVersion = 16.0.30907.101
MinimumVisualStudioVersion = 10.0.40219.1
Project("{FAE04EC0-301F-11D3-BF4B-00C04F79EFBC}") = "Sunu20", "Sunu20\Sunu20.csproj", "{69363816-3DF3-459E-A458-A3EB8E105370}"
EndProject
Global
	GlobalSection(SolutionConfigurationPlatforms) = preSolution
		Debug|Any CPU = Debug|Any CPU
		Release|Any CPU = Release|Any CPU
	EndGlobalSection
	GlobalSection(ProjectConfigurationPlatforms) = postSolution
		{69363816-3DF3-459E-A458-A3EB8E105370}.Debug|Any CPU.ActiveCfg = Debug|Any CPU
		{69363816-3DF3-459E-A458-A3EB8E105370}.Debug|Any CPU.Build.0 = Debug|Any CPU
		{69363816-3DF3-459E-A458-A3EB8E105370}.Release|Any CPU.ActiveCfg = Release|Any CPU
		{69363816-3DF3-459E-A458-A3EB8E105370}.Release|Any CPU.Build.0 = Release|Any CPU
	EndGlobalSection
	GlobalSection(SolutionProperties) = preSolution
		HideSolutionNode = FALSE
	EndGlobalSection
	GlobalSection(ExtensibilityGlobals) = postSolution
		SolutionGuid = {856F4658-FCA3-4BD1-A079-431281D0901C}
	EndGlobalSection
EndGlobal
