
Microsoft Visual Studio Solution File, Format Version 12.00
# Visual Studio 15
VisualStudioVersion = 15.0.28307.1525
MinimumVisualStudioVersion = 10.0.40219.1
Project("{FAE04EC0-301F-11D3-BF4B-00C04F79EFBC}") = "hata_ozelllestirme", "hata_ozelllestirme\hata_ozelllestirme.csproj", "{C990E549-A49E-4E5B-8BF7-B01785155A54}"
EndProject
Global
	GlobalSection(SolutionConfigurationPlatforms) = preSolution
		Debug|Any CPU = Debug|Any CPU
		Release|Any CPU = Release|Any CPU
	EndGlobalSection
	GlobalSection(ProjectConfigurationPlatforms) = postSolution
		{C990E549-A49E-4E5B-8BF7-B01785155A54}.Debug|Any CPU.ActiveCfg = Debug|Any CPU
		{C990E549-A49E-4E5B-8BF7-B01785155A54}.Debug|Any CPU.Build.0 = Debug|Any CPU
		{C990E549-A49E-4E5B-8BF7-B01785155A54}.Release|Any CPU.ActiveCfg = Release|Any CPU
		{C990E549-A49E-4E5B-8BF7-B01785155A54}.Release|Any CPU.Build.0 = Release|Any CPU
	EndGlobalSection
	GlobalSection(SolutionProperties) = preSolution
		HideSolutionNode = FALSE
	EndGlobalSection
	GlobalSection(ExtensibilityGlobals) = postSolution
		SolutionGuid = {61142136-97AC-4513-ACC8-D9F5E11F3FAB}
	EndGlobalSection
EndGlobal
