
Microsoft Visual Studio Solution File, Format Version 12.00
# Visual Studio Version 16
VisualStudioVersion = 16.0.31129.286
MinimumVisualStudioVersion = 10.0.40219.1
Project("{FAE04EC0-301F-11D3-BF4B-00C04F79EFBC}") = "toArray_Metodu", "toArray_Metodu\toArray_Metodu.csproj", "{2FD07485-0F7E-4DC4-8378-8AAE2652B05B}"
EndProject
Global
	GlobalSection(SolutionConfigurationPlatforms) = preSolution
		Debug|Any CPU = Debug|Any CPU
		Release|Any CPU = Release|Any CPU
	EndGlobalSection
	GlobalSection(ProjectConfigurationPlatforms) = postSolution
		{2FD07485-0F7E-4DC4-8378-8AAE2652B05B}.Debug|Any CPU.ActiveCfg = Debug|Any CPU
		{2FD07485-0F7E-4DC4-8378-8AAE2652B05B}.Debug|Any CPU.Build.0 = Debug|Any CPU
		{2FD07485-0F7E-4DC4-8378-8AAE2652B05B}.Release|Any CPU.ActiveCfg = Release|Any CPU
		{2FD07485-0F7E-4DC4-8378-8AAE2652B05B}.Release|Any CPU.Build.0 = Release|Any CPU
	EndGlobalSection
	GlobalSection(SolutionProperties) = preSolution
		HideSolutionNode = FALSE
	EndGlobalSection
	GlobalSection(ExtensibilityGlobals) = postSolution
		SolutionGuid = {E0C91292-9A4A-4305-A841-D844CD0383C8}
	EndGlobalSection
EndGlobal
