
Microsoft Visual Studio Solution File, Format Version 12.00
# Visual Studio Version 16
VisualStudioVersion = 16.0.31129.286
MinimumVisualStudioVersion = 10.0.40219.1
Project("{FAE04EC0-301F-11D3-BF4B-00C04F79EFBC}") = "Peek_Metodu", "Peek_Metodu\Peek_Metodu.csproj", "{44DDBF7C-3C42-4C37-A47A-E7548AE5695A}"
EndProject
Global
	GlobalSection(SolutionConfigurationPlatforms) = preSolution
		Debug|Any CPU = Debug|Any CPU
		Release|Any CPU = Release|Any CPU
	EndGlobalSection
	GlobalSection(ProjectConfigurationPlatforms) = postSolution
		{44DDBF7C-3C42-4C37-A47A-E7548AE5695A}.Debug|Any CPU.ActiveCfg = Debug|Any CPU
		{44DDBF7C-3C42-4C37-A47A-E7548AE5695A}.Debug|Any CPU.Build.0 = Debug|Any CPU
		{44DDBF7C-3C42-4C37-A47A-E7548AE5695A}.Release|Any CPU.ActiveCfg = Release|Any CPU
		{44DDBF7C-3C42-4C37-A47A-E7548AE5695A}.Release|Any CPU.Build.0 = Release|Any CPU
	EndGlobalSection
	GlobalSection(SolutionProperties) = preSolution
		HideSolutionNode = FALSE
	EndGlobalSection
	GlobalSection(ExtensibilityGlobals) = postSolution
		SolutionGuid = {8F31B310-E2FD-4156-A0FF-6E8960A12707}
	EndGlobalSection
EndGlobal
