
Microsoft Visual Studio Solution File, Format Version 12.00
# Visual Studio Version 16
VisualStudioVersion = 16.0.30611.23
MinimumVisualStudioVersion = 10.0.40219.1
Project("{FAE04EC0-301F-11D3-BF4B-00C04F79EFBC}") = "sunu21", "sunu21.csproj", "{B3FC0628-E92E-4D77-8931-9756311C14D2}"
EndProject
Global
	GlobalSection(SolutionConfigurationPlatforms) = preSolution
		Debug|Any CPU = Debug|Any CPU
		Release|Any CPU = Release|Any CPU
	EndGlobalSection
	GlobalSection(ProjectConfigurationPlatforms) = postSolution
		{B3FC0628-E92E-4D77-8931-9756311C14D2}.Debug|Any CPU.ActiveCfg = Debug|Any CPU
		{B3FC0628-E92E-4D77-8931-9756311C14D2}.Debug|Any CPU.Build.0 = Debug|Any CPU
		{B3FC0628-E92E-4D77-8931-9756311C14D2}.Release|Any CPU.ActiveCfg = Release|Any CPU
		{B3FC0628-E92E-4D77-8931-9756311C14D2}.Release|Any CPU.Build.0 = Release|Any CPU
	EndGlobalSection
	GlobalSection(SolutionProperties) = preSolution
		HideSolutionNode = FALSE
	EndGlobalSection
	GlobalSection(ExtensibilityGlobals) = postSolution
		SolutionGuid = {914A0982-514A-4831-93B8-F14F2F68CCF7}
	EndGlobalSection
EndGlobal
