
Microsoft Visual Studio Solution File, Format Version 12.00
# Visual Studio Version 16
VisualStudioVersion = 16.0.31205.134
MinimumVisualStudioVersion = 10.0.40219.1
Project("{FAE04EC0-301F-11D3-BF4B-00C04F79EFBC}") = "ornek-03", "ornek-03\ornek-03.csproj", "{BD93C29E-A070-4F83-A298-53223AC3C0EB}"
EndProject
Global
	GlobalSection(SolutionConfigurationPlatforms) = preSolution
		Debug|Any CPU = Debug|Any CPU
		Release|Any CPU = Release|Any CPU
	EndGlobalSection
	GlobalSection(ProjectConfigurationPlatforms) = postSolution
		{BD93C29E-A070-4F83-A298-53223AC3C0EB}.Debug|Any CPU.ActiveCfg = Debug|Any CPU
		{BD93C29E-A070-4F83-A298-53223AC3C0EB}.Debug|Any CPU.Build.0 = Debug|Any CPU
		{BD93C29E-A070-4F83-A298-53223AC3C0EB}.Release|Any CPU.ActiveCfg = Release|Any CPU
		{BD93C29E-A070-4F83-A298-53223AC3C0EB}.Release|Any CPU.Build.0 = Release|Any CPU
	EndGlobalSection
	GlobalSection(SolutionProperties) = preSolution
		HideSolutionNode = FALSE
	EndGlobalSection
	GlobalSection(ExtensibilityGlobals) = postSolution
		SolutionGuid = {A74F1311-972A-411D-B745-38E74FDED468}
	EndGlobalSection
EndGlobal
