
Microsoft Visual Studio Solution File, Format Version 12.00
# Visual Studio Version 16
VisualStudioVersion = 16.0.30611.23
MinimumVisualStudioVersion = 10.0.40219.1
Project("{FAE04EC0-301F-11D3-BF4B-00C04F79EFBC}") = "sunu20", "sunu20.csproj", "{C18AC752-26C0-43E6-A9AB-8BD8F26086BA}"
EndProject
Global
	GlobalSection(SolutionConfigurationPlatforms) = preSolution
		Debug|Any CPU = Debug|Any CPU
		Release|Any CPU = Release|Any CPU
	EndGlobalSection
	GlobalSection(ProjectConfigurationPlatforms) = postSolution
		{C18AC752-26C0-43E6-A9AB-8BD8F26086BA}.Debug|Any CPU.ActiveCfg = Debug|Any CPU
		{C18AC752-26C0-43E6-A9AB-8BD8F26086BA}.Debug|Any CPU.Build.0 = Debug|Any CPU
		{C18AC752-26C0-43E6-A9AB-8BD8F26086BA}.Release|Any CPU.ActiveCfg = Release|Any CPU
		{C18AC752-26C0-43E6-A9AB-8BD8F26086BA}.Release|Any CPU.Build.0 = Release|Any CPU
	EndGlobalSection
	GlobalSection(SolutionProperties) = preSolution
		HideSolutionNode = FALSE
	EndGlobalSection
	GlobalSection(ExtensibilityGlobals) = postSolution
		SolutionGuid = {BB9E0533-181F-4E01-ABA8-74E100590766}
	EndGlobalSection
EndGlobal
