
Microsoft Visual Studio Solution File, Format Version 12.00
# Visual Studio Version 16
VisualStudioVersion = 16.0.31129.286
MinimumVisualStudioVersion = 10.0.40219.1
Project("{9A19103F-16F7-4668-BE54-9A1E7A4F7556}") = "Dosyaİndirme", "Örnek62\Dosyaİndirme.csproj", "{67DE6691-9035-4C55-9D2D-89792AE0A317}"
EndProject
Global
	GlobalSection(SolutionConfigurationPlatforms) = preSolution
		Debug|Any CPU = Debug|Any CPU
		Release|Any CPU = Release|Any CPU
	EndGlobalSection
	GlobalSection(ProjectConfigurationPlatforms) = postSolution
		{67DE6691-9035-4C55-9D2D-89792AE0A317}.Debug|Any CPU.ActiveCfg = Debug|Any CPU
		{67DE6691-9035-4C55-9D2D-89792AE0A317}.Debug|Any CPU.Build.0 = Debug|Any CPU
		{67DE6691-9035-4C55-9D2D-89792AE0A317}.Release|Any CPU.ActiveCfg = Release|Any CPU
		{67DE6691-9035-4C55-9D2D-89792AE0A317}.Release|Any CPU.Build.0 = Release|Any CPU
	EndGlobalSection
	GlobalSection(SolutionProperties) = preSolution
		HideSolutionNode = FALSE
	EndGlobalSection
	GlobalSection(ExtensibilityGlobals) = postSolution
		SolutionGuid = {F617C787-9BD2-41AD-9B63-D11F2A258560}
	EndGlobalSection
EndGlobal
