
Microsoft Visual Studio Solution File, Format Version 12.00
# Visual Studio Version 16
VisualStudioVersion = 16.0.30225.117
MinimumVisualStudioVersion = 10.0.40219.1
Project("{FAE04EC0-301F-11D3-BF4B-00C04F79EFBC}") = "DegiskenTurleri", "DegiskenTurleri\DegiskenTurleri.csproj", "{A0520378-FA26-4ABD-AE70-297556BF65B4}"
EndProject
Global
	GlobalSection(SolutionConfigurationPlatforms) = preSolution
		Debug|Any CPU = Debug|Any CPU
		Release|Any CPU = Release|Any CPU
	EndGlobalSection
	GlobalSection(ProjectConfigurationPlatforms) = postSolution
		{A0520378-FA26-4ABD-AE70-297556BF65B4}.Debug|Any CPU.ActiveCfg = Debug|Any CPU
		{A0520378-FA26-4ABD-AE70-297556BF65B4}.Debug|Any CPU.Build.0 = Debug|Any CPU
		{A0520378-FA26-4ABD-AE70-297556BF65B4}.Release|Any CPU.ActiveCfg = Release|Any CPU
		{A0520378-FA26-4ABD-AE70-297556BF65B4}.Release|Any CPU.Build.0 = Release|Any CPU
	EndGlobalSection
	GlobalSection(SolutionProperties) = preSolution
		HideSolutionNode = FALSE
	EndGlobalSection
	GlobalSection(ExtensibilityGlobals) = postSolution
		SolutionGuid = {C7A7ACC4-839F-4994-83B4-A850E9703FCF}
	EndGlobalSection
EndGlobal
