
Microsoft Visual Studio Solution File, Format Version 12.00
# Visual Studio Version 16
VisualStudioVersion = 16.0.30907.101
MinimumVisualStudioVersion = 10.0.40219.1
Project("{FAE04EC0-301F-11D3-BF4B-00C04F79EFBC}") = "Sunu11", "Sunu11\Sunu11.csproj", "{449FFF65-F4E7-4860-82E3-075F8DB31E73}"
EndProject
Global
	GlobalSection(SolutionConfigurationPlatforms) = preSolution
		Debug|Any CPU = Debug|Any CPU
		Release|Any CPU = Release|Any CPU
	EndGlobalSection
	GlobalSection(ProjectConfigurationPlatforms) = postSolution
		{449FFF65-F4E7-4860-82E3-075F8DB31E73}.Debug|Any CPU.ActiveCfg = Debug|Any CPU
		{449FFF65-F4E7-4860-82E3-075F8DB31E73}.Debug|Any CPU.Build.0 = Debug|Any CPU
		{449FFF65-F4E7-4860-82E3-075F8DB31E73}.Release|Any CPU.ActiveCfg = Release|Any CPU
		{449FFF65-F4E7-4860-82E3-075F8DB31E73}.Release|Any CPU.Build.0 = Release|Any CPU
	EndGlobalSection
	GlobalSection(SolutionProperties) = preSolution
		HideSolutionNode = FALSE
	EndGlobalSection
	GlobalSection(ExtensibilityGlobals) = postSolution
		SolutionGuid = {2B31DD11-5782-437F-A611-D0E4435A61E9}
	EndGlobalSection
EndGlobal
