
Microsoft Visual Studio Solution File, Format Version 12.00
# Visual Studio Version 16
VisualStudioVersion = 16.0.31129.286
MinimumVisualStudioVersion = 10.0.40219.1
Project("{FAE04EC0-301F-11D3-BF4B-00C04F79EFBC}") = "DosyaİşlemAracı", "DosyaİşlemAracı\DosyaİşlemAracı.csproj", "{B59AFF00-3D75-4EFE-9A12-20C1E2D04D12}"
EndProject
Global
	GlobalSection(SolutionConfigurationPlatforms) = preSolution
		Debug|Any CPU = Debug|Any CPU
		Release|Any CPU = Release|Any CPU
	EndGlobalSection
	GlobalSection(ProjectConfigurationPlatforms) = postSolution
		{B59AFF00-3D75-4EFE-9A12-20C1E2D04D12}.Debug|Any CPU.ActiveCfg = Debug|Any CPU
		{B59AFF00-3D75-4EFE-9A12-20C1E2D04D12}.Debug|Any CPU.Build.0 = Debug|Any CPU
		{B59AFF00-3D75-4EFE-9A12-20C1E2D04D12}.Release|Any CPU.ActiveCfg = Release|Any CPU
		{B59AFF00-3D75-4EFE-9A12-20C1E2D04D12}.Release|Any CPU.Build.0 = Release|Any CPU
	EndGlobalSection
	GlobalSection(SolutionProperties) = preSolution
		HideSolutionNode = FALSE
	EndGlobalSection
	GlobalSection(ExtensibilityGlobals) = postSolution
		SolutionGuid = {D9C045C5-E5E2-4D9A-9D33-EEA227E1A631}
	EndGlobalSection
EndGlobal
