
Microsoft Visual Studio Solution File, Format Version 12.00
# Visual Studio Version 16
VisualStudioVersion = 16.0.31129.286
MinimumVisualStudioVersion = 10.0.40219.1
Project("{FAE04EC0-301F-11D3-BF4B-00C04F79EFBC}") = "uygulama11", "uygulama11\uygulama11.csproj", "{3BC97FBB-2B53-4C7F-AB93-30BA93AAB6DB}"
EndProject
Global
	GlobalSection(SolutionConfigurationPlatforms) = preSolution
		Debug|Any CPU = Debug|Any CPU
		Release|Any CPU = Release|Any CPU
	EndGlobalSection
	GlobalSection(ProjectConfigurationPlatforms) = postSolution
		{3BC97FBB-2B53-4C7F-AB93-30BA93AAB6DB}.Debug|Any CPU.ActiveCfg = Debug|Any CPU
		{3BC97FBB-2B53-4C7F-AB93-30BA93AAB6DB}.Debug|Any CPU.Build.0 = Debug|Any CPU
		{3BC97FBB-2B53-4C7F-AB93-30BA93AAB6DB}.Release|Any CPU.ActiveCfg = Release|Any CPU
		{3BC97FBB-2B53-4C7F-AB93-30BA93AAB6DB}.Release|Any CPU.Build.0 = Release|Any CPU
	EndGlobalSection
	GlobalSection(SolutionProperties) = preSolution
		HideSolutionNode = FALSE
	EndGlobalSection
	GlobalSection(ExtensibilityGlobals) = postSolution
		SolutionGuid = {5F15FB23-B5B8-451D-8BB7-5E92A70259F2}
	EndGlobalSection
EndGlobal
