
Microsoft Visual Studio Solution File, Format Version 12.00
# Visual Studio Version 16
VisualStudioVersion = 16.0.31129.286
MinimumVisualStudioVersion = 10.0.40219.1
Project("{FAE04EC0-301F-11D3-BF4B-00C04F79EFBC}") = "Nesne_ve_Enqueue_Metodu", "Nesne_ve_Enqueue_Metodu\Nesne_ve_Enqueue_Metodu.csproj", "{CDBA9C78-491C-4796-BB94-D749F02C4E22}"
EndProject
Global
	GlobalSection(SolutionConfigurationPlatforms) = preSolution
		Debug|Any CPU = Debug|Any CPU
		Release|Any CPU = Release|Any CPU
	EndGlobalSection
	GlobalSection(ProjectConfigurationPlatforms) = postSolution
		{CDBA9C78-491C-4796-BB94-D749F02C4E22}.Debug|Any CPU.ActiveCfg = Debug|Any CPU
		{CDBA9C78-491C-4796-BB94-D749F02C4E22}.Debug|Any CPU.Build.0 = Debug|Any CPU
		{CDBA9C78-491C-4796-BB94-D749F02C4E22}.Release|Any CPU.ActiveCfg = Release|Any CPU
		{CDBA9C78-491C-4796-BB94-D749F02C4E22}.Release|Any CPU.Build.0 = Release|Any CPU
	EndGlobalSection
	GlobalSection(SolutionProperties) = preSolution
		HideSolutionNode = FALSE
	EndGlobalSection
	GlobalSection(ExtensibilityGlobals) = postSolution
		SolutionGuid = {2096628A-84A4-4C2B-9F69-E4AA74D970BE}
	EndGlobalSection
EndGlobal
