
Microsoft Visual Studio Solution File, Format Version 12.00
# Visual Studio 14
VisualStudioVersion = 14.0.23107.0
MinimumVisualStudioVersion = 10.0.40219.1
Project("{FAE04EC0-301F-11D3-BF4B-00C04F79EFBC}") = "Sunu_15", "Sunu_15\Sunu_15.csproj", "{FC12E24D-15DB-4D41-B7A6-674F8D355B42}"
EndProject
Global
	GlobalSection(SolutionConfigurationPlatforms) = preSolution
		Debug|Any CPU = Debug|Any CPU
		Release|Any CPU = Release|Any CPU
	EndGlobalSection
	GlobalSection(ProjectConfigurationPlatforms) = postSolution
		{FC12E24D-15DB-4D41-B7A6-674F8D355B42}.Debug|Any CPU.ActiveCfg = Debug|Any CPU
		{FC12E24D-15DB-4D41-B7A6-674F8D355B42}.Debug|Any CPU.Build.0 = Debug|Any CPU
		{FC12E24D-15DB-4D41-B7A6-674F8D355B42}.Release|Any CPU.ActiveCfg = Release|Any CPU
		{FC12E24D-15DB-4D41-B7A6-674F8D355B42}.Release|Any CPU.Build.0 = Release|Any CPU
	EndGlobalSection
	GlobalSection(SolutionProperties) = preSolution
		HideSolutionNode = FALSE
	EndGlobalSection
EndGlobal
