
Microsoft Visual Studio Solution File, Format Version 12.00
# Visual Studio Version 16
VisualStudioVersion = 16.0.30907.101
MinimumVisualStudioVersion = 10.0.40219.1
Project("{FAE04EC0-301F-11D3-BF4B-00C04F79EFBC}") = "Sunu17", "Sunu17\Sunu17.csproj", "{CA4E7838-50BB-4601-8EBA-AC78BBC9D134}"
EndProject
Global
	GlobalSection(SolutionConfigurationPlatforms) = preSolution
		Debug|Any CPU = Debug|Any CPU
		Release|Any CPU = Release|Any CPU
	EndGlobalSection
	GlobalSection(ProjectConfigurationPlatforms) = postSolution
		{CA4E7838-50BB-4601-8EBA-AC78BBC9D134}.Debug|Any CPU.ActiveCfg = Debug|Any CPU
		{CA4E7838-50BB-4601-8EBA-AC78BBC9D134}.Debug|Any CPU.Build.0 = Debug|Any CPU
		{CA4E7838-50BB-4601-8EBA-AC78BBC9D134}.Release|Any CPU.ActiveCfg = Release|Any CPU
		{CA4E7838-50BB-4601-8EBA-AC78BBC9D134}.Release|Any CPU.Build.0 = Release|Any CPU
	EndGlobalSection
	GlobalSection(SolutionProperties) = preSolution
		HideSolutionNode = FALSE
	EndGlobalSection
	GlobalSection(ExtensibilityGlobals) = postSolution
		SolutionGuid = {1F3D354F-6D52-41BD-9D3C-7744890D0F5E}
	EndGlobalSection
EndGlobal
