
Microsoft Visual Studio Solution File, Format Version 12.00
# Visual Studio Version 16
VisualStudioVersion = 16.0.31205.134
MinimumVisualStudioVersion = 10.0.40219.1
Project("{FAE04EC0-301F-11D3-BF4B-00C04F79EFBC}") = "read_all_lines", "read_all_lines\read_all_lines.csproj", "{8A8E78B4-33D4-4819-9623-4E041673FD79}"
EndProject
Global
	GlobalSection(SolutionConfigurationPlatforms) = preSolution
		Debug|Any CPU = Debug|Any CPU
		Release|Any CPU = Release|Any CPU
	EndGlobalSection
	GlobalSection(ProjectConfigurationPlatforms) = postSolution
		{8A8E78B4-33D4-4819-9623-4E041673FD79}.Debug|Any CPU.ActiveCfg = Debug|Any CPU
		{8A8E78B4-33D4-4819-9623-4E041673FD79}.Debug|Any CPU.Build.0 = Debug|Any CPU
		{8A8E78B4-33D4-4819-9623-4E041673FD79}.Release|Any CPU.ActiveCfg = Release|Any CPU
		{8A8E78B4-33D4-4819-9623-4E041673FD79}.Release|Any CPU.Build.0 = Release|Any CPU
	EndGlobalSection
	GlobalSection(SolutionProperties) = preSolution
		HideSolutionNode = FALSE
	EndGlobalSection
	GlobalSection(ExtensibilityGlobals) = postSolution
		SolutionGuid = {ED204E6A-DCA2-4DC2-8DE0-2658BCB64DB7}
	EndGlobalSection
EndGlobal
