
Microsoft Visual Studio Solution File, Format Version 12.00
# Visual Studio Version 16
VisualStudioVersion = 16.0.31205.134
MinimumVisualStudioVersion = 10.0.40219.1
Project("{FAE04EC0-301F-11D3-BF4B-00C04F79EFBC}") = "atamaoperatorleri", "atamaoperatorleri\atamaoperatorleri.csproj", "{1B0EB3AE-202B-4E76-9B14-5EA916E7C677}"
EndProject
Global
	GlobalSection(SolutionConfigurationPlatforms) = preSolution
		Debug|Any CPU = Debug|Any CPU
		Release|Any CPU = Release|Any CPU
	EndGlobalSection
	GlobalSection(ProjectConfigurationPlatforms) = postSolution
		{1B0EB3AE-202B-4E76-9B14-5EA916E7C677}.Debug|Any CPU.ActiveCfg = Debug|Any CPU
		{1B0EB3AE-202B-4E76-9B14-5EA916E7C677}.Debug|Any CPU.Build.0 = Debug|Any CPU
		{1B0EB3AE-202B-4E76-9B14-5EA916E7C677}.Release|Any CPU.ActiveCfg = Release|Any CPU
		{1B0EB3AE-202B-4E76-9B14-5EA916E7C677}.Release|Any CPU.Build.0 = Release|Any CPU
	EndGlobalSection
	GlobalSection(SolutionProperties) = preSolution
		HideSolutionNode = FALSE
	EndGlobalSection
	GlobalSection(ExtensibilityGlobals) = postSolution
		SolutionGuid = {9B228211-1602-499C-9E13-A0AD494E43E3}
	EndGlobalSection
EndGlobal
