
Microsoft Visual Studio Solution File, Format Version 12.00
# Visual Studio Version 16
VisualStudioVersion = 16.0.30804.86
MinimumVisualStudioVersion = 10.0.40219.1
Project("{9A19103F-16F7-4668-BE54-9A1E7A4F7556}") = "StaticPolimorfizm", "StaticPolimorfizm.csproj", "{D56FFC2F-2274-44F3-A9D4-932E4A7EAEE7}"
EndProject
Global
	GlobalSection(SolutionConfigurationPlatforms) = preSolution
		Debug|Any CPU = Debug|Any CPU
		Release|Any CPU = Release|Any CPU
	EndGlobalSection
	GlobalSection(ProjectConfigurationPlatforms) = postSolution
		{D56FFC2F-2274-44F3-A9D4-932E4A7EAEE7}.Debug|Any CPU.ActiveCfg = Debug|Any CPU
		{D56FFC2F-2274-44F3-A9D4-932E4A7EAEE7}.Debug|Any CPU.Build.0 = Debug|Any CPU
		{D56FFC2F-2274-44F3-A9D4-932E4A7EAEE7}.Release|Any CPU.ActiveCfg = Release|Any CPU
		{D56FFC2F-2274-44F3-A9D4-932E4A7EAEE7}.Release|Any CPU.Build.0 = Release|Any CPU
	EndGlobalSection
	GlobalSection(SolutionProperties) = preSolution
		HideSolutionNode = FALSE
	EndGlobalSection
	GlobalSection(ExtensibilityGlobals) = postSolution
		SolutionGuid = {234D5103-1778-4282-84FD-C0A592101272}
	EndGlobalSection
EndGlobal
