
Microsoft Visual Studio Solution File, Format Version 12.00
# Visual Studio Version 16
VisualStudioVersion = 16.0.30611.23
MinimumVisualStudioVersion = 10.0.40219.1
Project("{FAE04EC0-301F-11D3-BF4B-00C04F79EFBC}") = "sunu15", "sunu15.csproj", "{08F62672-1A1A-4BAB-8B44-9E04D1946B4C}"
EndProject
Global
	GlobalSection(SolutionConfigurationPlatforms) = preSolution
		Debug|Any CPU = Debug|Any CPU
		Release|Any CPU = Release|Any CPU
	EndGlobalSection
	GlobalSection(ProjectConfigurationPlatforms) = postSolution
		{08F62672-1A1A-4BAB-8B44-9E04D1946B4C}.Debug|Any CPU.ActiveCfg = Debug|Any CPU
		{08F62672-1A1A-4BAB-8B44-9E04D1946B4C}.Debug|Any CPU.Build.0 = Debug|Any CPU
		{08F62672-1A1A-4BAB-8B44-9E04D1946B4C}.Release|Any CPU.ActiveCfg = Release|Any CPU
		{08F62672-1A1A-4BAB-8B44-9E04D1946B4C}.Release|Any CPU.Build.0 = Release|Any CPU
	EndGlobalSection
	GlobalSection(SolutionProperties) = preSolution
		HideSolutionNode = FALSE
	EndGlobalSection
	GlobalSection(ExtensibilityGlobals) = postSolution
		SolutionGuid = {B4A8FEE4-ACCB-4CD7-9B4F-D60823567ACB}
	EndGlobalSection
EndGlobal
