
Microsoft Visual Studio Solution File, Format Version 12.00
# Visual Studio Version 16
VisualStudioVersion = 16.0.31129.286
MinimumVisualStudioVersion = 10.0.40219.1
Project("{FAE04EC0-301F-11D3-BF4B-00C04F79EFBC}") = "uygulama3", "uygulama3\uygulama3.csproj", "{99F630C5-8194-4FBD-A3EA-2086E52D978A}"
EndProject
Global
	GlobalSection(SolutionConfigurationPlatforms) = preSolution
		Debug|Any CPU = Debug|Any CPU
		Release|Any CPU = Release|Any CPU
	EndGlobalSection
	GlobalSection(ProjectConfigurationPlatforms) = postSolution
		{99F630C5-8194-4FBD-A3EA-2086E52D978A}.Debug|Any CPU.ActiveCfg = Debug|Any CPU
		{99F630C5-8194-4FBD-A3EA-2086E52D978A}.Debug|Any CPU.Build.0 = Debug|Any CPU
		{99F630C5-8194-4FBD-A3EA-2086E52D978A}.Release|Any CPU.ActiveCfg = Release|Any CPU
		{99F630C5-8194-4FBD-A3EA-2086E52D978A}.Release|Any CPU.Build.0 = Release|Any CPU
	EndGlobalSection
	GlobalSection(SolutionProperties) = preSolution
		HideSolutionNode = FALSE
	EndGlobalSection
	GlobalSection(ExtensibilityGlobals) = postSolution
		SolutionGuid = {AD3C9A49-FB1E-475F-A963-F1D1C2E84DF7}
	EndGlobalSection
EndGlobal
