
Microsoft Visual Studio Solution File, Format Version 12.00
# Visual Studio Version 16
VisualStudioVersion = 16.0.30523.141
MinimumVisualStudioVersion = 10.0.40219.1
Project("{FAE04EC0-301F-11D3-BF4B-00C04F79EFBC}") = "ConsoleApp7", "ConsoleApp7\ConsoleApp7.csproj", "{37FDB3DB-64C6-419D-B02F-1325C3849A29}"
EndProject
Global
	GlobalSection(SolutionConfigurationPlatforms) = preSolution
		Debug|Any CPU = Debug|Any CPU
		Release|Any CPU = Release|Any CPU
	EndGlobalSection
	GlobalSection(ProjectConfigurationPlatforms) = postSolution
		{37FDB3DB-64C6-419D-B02F-1325C3849A29}.Debug|Any CPU.ActiveCfg = Debug|Any CPU
		{37FDB3DB-64C6-419D-B02F-1325C3849A29}.Debug|Any CPU.Build.0 = Debug|Any CPU
		{37FDB3DB-64C6-419D-B02F-1325C3849A29}.Release|Any CPU.ActiveCfg = Release|Any CPU
		{37FDB3DB-64C6-419D-B02F-1325C3849A29}.Release|Any CPU.Build.0 = Release|Any CPU
	EndGlobalSection
	GlobalSection(SolutionProperties) = preSolution
		HideSolutionNode = FALSE
	EndGlobalSection
	GlobalSection(ExtensibilityGlobals) = postSolution
		SolutionGuid = {B10C0D0D-6E96-4517-9F02-3640DFB1DC6D}
	EndGlobalSection
EndGlobal
